
Microsoft Visual Studio Solution File, Format Version 12.00
# Visual Studio Version 16
VisualStudioVersion = 16.0.31613.86
MinimumVisualStudioVersion = 10.0.40219.1
Project("{FAE04EC0-301F-11D3-BF4B-00C04F79EFBC}") = "Les_0412", "Les_0412.csproj", "{AF4FC904-3F5C-49DC-80B9-BD4AAA930AB5}"
EndProject
Project("{FAE04EC0-301F-11D3-BF4B-00C04F79EFBC}") = "Met_0412", "..\Met_0412\Met_0412.csproj", "{D6306C7B-E499-4AA6-8F28-262B11A3B8DB}"
EndProject
Global
	GlobalSection(SolutionConfigurationPlatforms) = preSolution
		Debug|Any CPU = Debug|Any CPU
		Release|Any CPU = Release|Any CPU
	EndGlobalSection
	GlobalSection(ProjectConfigurationPlatforms) = postSolution
		{AF4FC904-3F5C-49DC-80B9-BD4AAA930AB5}.Debug|Any CPU.ActiveCfg = Debug|Any CPU
		{AF4FC904-3F5C-49DC-80B9-BD4AAA930AB5}.Debug|Any CPU.Build.0 = Debug|Any CPU
		{AF4FC904-3F5C-49DC-80B9-BD4AAA930AB5}.Release|Any CPU.ActiveCfg = Release|Any CPU
		{AF4FC904-3F5C-49DC-80B9-BD4AAA930AB5}.Release|Any CPU.Build.0 = Release|Any CPU
		{D6306C7B-E499-4AA6-8F28-262B11A3B8DB}.Debug|Any CPU.ActiveCfg = Debug|Any CPU
		{D6306C7B-E499-4AA6-8F28-262B11A3B8DB}.Debug|Any CPU.Build.0 = Debug|Any CPU
		{D6306C7B-E499-4AA6-8F28-262B11A3B8DB}.Release|Any CPU.ActiveCfg = Release|Any CPU
		{D6306C7B-E499-4AA6-8F28-262B11A3B8DB}.Release|Any CPU.Build.0 = Release|Any CPU
	EndGlobalSection
	GlobalSection(SolutionProperties) = preSolution
		HideSolutionNode = FALSE
	EndGlobalSection
	GlobalSection(ExtensibilityGlobals) = postSolution
		SolutionGuid = {B3ADF8C8-0AF1-4F8A-8B34-5AC1D0FD939B}
	EndGlobalSection
EndGlobal
